// !$*UTF8*$!
{
	archiveVersion = 1;
	classes = {
	};
	objectVersion = 46;
	objects = {

/* Begin PBXBuildFile section */
		00B938AC1F331EE500BC9F9A /* AppDelegate.swift in Sources */ = {isa = PBXBuildFile; fileRef = 00B938AB1F331EE500BC9F9A /* AppDelegate.swift */; };
		00B938AE1F331EE500BC9F9A /* ViewController.swift in Sources */ = {isa = PBXBuildFile; fileRef = 00B938AD1F331EE500BC9F9A /* ViewController.swift */; };
		00B938B11F331EE500BC9F9A /* Main.storyboard in Resources */ = {isa = PBXBuildFile; fileRef = 00B938AF1F331EE500BC9F9A /* Main.storyboard */; };
		00B938B31F331EE500BC9F9A /* Assets.xcassets in Resources */ = {isa = PBXBuildFile; fileRef = 00B938B21F331EE500BC9F9A /* Assets.xcassets */; };
		00B938B61F331EE500BC9F9A /* LaunchScreen.storyboard in Resources */ = {isa = PBXBuildFile; fileRef = 00B938B41F331EE500BC9F9A /* LaunchScreen.storyboard */; };
		00B938BE1F33209B00BC9F9A /* heartToFilled.json in Resources */ = {isa = PBXBuildFile; fileRef = 00B938BD1F33209B00BC9F9A /* heartToFilled.json */; };
		00B938C01F3340E600BC9F9A /* heartToStroke.json in Resources */ = {isa = PBXBuildFile; fileRef = 00B938BF1F3340E600BC9F9A /* heartToStroke.json */; };
		1D4B8B192CB6C602BF1D423C /* Pods_LottieExample.framework in Frameworks */ = {isa = PBXBuildFile; fileRef = FE81137A72B17589F18DC164 /* Pods_LottieExample.framework */; };
/* End PBXBuildFile section */

/* Begin PBXFileReference section */
		00B938A81F331EE500BC9F9A /* LottieExample.app */ = {isa = PBXFileReference; explicitFileType = wrapper.application; includeInIndex = 0; path = LottieExample.app; sourceTree = BUILT_PRODUCTS_DIR; };
		00B938AB1F331EE500BC9F9A /* AppDelegate.swift */ = {isa = PBXFileReference; lastKnownFileType = sourcecode.swift; path = AppDelegate.swift; sourceTree = "<group>"; };
		00B938AD1F331EE500BC9F9A /* ViewController.swift */ = {isa = PBXFileReference; lastKnownFileType = sourcecode.swift; path = ViewController.swift; sourceTree = "<group>"; };
		00B938B01F331EE500BC9F9A /* Base */ = {isa = PBXFileReference; lastKnownFileType = file.storyboard; name = Base; path = Base.lproj/Main.storyboard; sourceTree = "<group>"; };
		00B938B21F331EE500BC9F9A /* Assets.xcassets */ = {isa = PBXFileReference; lastKnownFileType = folder.assetcatalog; path = Assets.xcassets; sourceTree = "<group>"; };
		00B938B51F331EE500BC9F9A /* Base */ = {isa = PBXFileReference; lastKnownFileType = file.storyboard; name = Base; path = Base.lproj/LaunchScreen.storyboard; sourceTree = "<group>"; };
		00B938B71F331EE500BC9F9A /* Info.plist */ = {isa = PBXFileReference; lastKnownFileType = text.plist.xml; path = Info.plist; sourceTree = "<group>"; };
		00B938BD1F33209B00BC9F9A /* heartToFilled.json */ = {isa = PBXFileReference; fileEncoding = 4; lastKnownFileType = text.json; path = heartToFilled.json; sourceTree = "<group>"; };
		00B938BF1F3340E600BC9F9A /* heartToStroke.json */ = {isa = PBXFileReference; fileEncoding = 4; lastKnownFileType = text.json; path = heartToStroke.json; sourceTree = "<group>"; };
		C6CF625E519B16A638D307CE /* Pods-LottieExample.debug.xcconfig */ = {isa = PBXFileReference; includeInIndex = 1; lastKnownFileType = text.xcconfig; name = "Pods-LottieExample.debug.xcconfig"; path = "Pods/Target Support Files/Pods-LottieExample/Pods-LottieExample.debug.xcconfig"; sourceTree = "<group>"; };
		C6F7867ACC330EC05ED01D9D /* Pods-LottieExample.release.xcconfig */ = {isa = PBXFileReference; includeInIndex = 1; lastKnownFileType = text.xcconfig; name = "Pods-LottieExample.release.xcconfig"; path = "Pods/Target Support Files/Pods-LottieExample/Pods-LottieExample.release.xcconfig"; sourceTree = "<group>"; };
		FE81137A72B17589F18DC164 /* Pods_LottieExample.framework */ = {isa = PBXFileReference; explicitFileType = wrapper.framework; includeInIndex = 0; path = Pods_LottieExample.framework; sourceTree = BUILT_PRODUCTS_DIR; };
/* End PBXFileReference section */

/* Begin PBXFrameworksBuildPhase section */
		00B938A51F331EE500BC9F9A /* Frameworks */ = {
			isa = PBXFrameworksBuildPhase;
			buildActionMask = 2147483647;
			files = (
				1D4B8B192CB6C602BF1D423C /* Pods_LottieExample.framework in Frameworks */,
			);
			runOnlyForDeploymentPostprocessing = 0;
		};
/* End PBXFrameworksBuildPhase section */

/* Begin PBXGroup section */
		00B9389F1F331EE500BC9F9A = {
			isa = PBXGroup;
			children = (
				00B938AA1F331EE500BC9F9A /* LottieExample */,
				00B938A91F331EE500BC9F9A /* Products */,
				31B1525CA486EBADBF23CE72 /* Pods */,
				78019D9FA8A1C7955D7E39AD /* Frameworks */,
			);
			sourceTree = "<group>";
		};
		00B938A91F331EE500BC9F9A /* Products */ = {
			isa = PBXGroup;
			children = (
				00B938A81F331EE500BC9F9A /* LottieExample.app */,
			);
			name = Products;
			sourceTree = "<group>";
		};
		00B938AA1F331EE500BC9F9A /* LottieExample */ = {
			isa = PBXGroup;
			children = (
				00B938AB1F331EE500BC9F9A /* AppDelegate.swift */,
				00B938AD1F331EE500BC9F9A /* ViewController.swift */,
				00B938AF1F331EE500BC9F9A /* Main.storyboard */,
				00B938B21F331EE500BC9F9A /* Assets.xcassets */,
				00B938B41F331EE500BC9F9A /* LaunchScreen.storyboard */,
				00B938B71F331EE500BC9F9A /* Info.plist */,
				00B938BD1F33209B00BC9F9A /* heartToFilled.json */,
				00B938BF1F3340E600BC9F9A /* heartToStroke.json */,
			);
			path = LottieExample;
			sourceTree = "<group>";
		};
		31B1525CA486EBADBF23CE72 /* Pods */ = {
			isa = PBXGroup;
			children = (
				C6CF625E519B16A638D307CE /* Pods-LottieExample.debug.xcconfig */,
				C6F7867ACC330EC05ED01D9D /* Pods-LottieExample.release.xcconfig */,
			);
			name = Pods;
			sourceTree = "<group>";
		};
		78019D9FA8A1C7955D7E39AD /* Frameworks */ = {
			isa = PBXGroup;
			children = (
				FE81137A72B17589F18DC164 /* Pods_LottieExample.framework */,
			);
			name = Frameworks;
			sourceTree = "<group>";
		};
/* End PBXGroup section */

/* Begin PBXNativeTarget section */
		00B938A71F331EE500BC9F9A /* LottieExample */ = {
			isa = PBXNativeTarget;
			buildConfigurationList = 00B938BA1F331EE500BC9F9A /* Build configuration list for PBXNativeTarget "LottieExample" */;
			buildPhases = (
				87DE38137BA0BB81F590AE74 /* [CP] Check Pods Manifest.lock */,
				00B938A41F331EE500BC9F9A /* Sources */,
				00B938A51F331EE500BC9F9A /* Frameworks */,
				00B938A61F331EE500BC9F9A /* Resources */,
				1A0346D4C639B82C6971CF2E /* [CP] Embed Pods Frameworks */,
				5BE09F9940FCE9D4FD26B4A4 /* [CP] Copy Pods Resources */,
			);
			buildRules = (
			);
			dependencies = (
			);
			name = LottieExample;
			productName = LottieExample;
			productReference = 00B938A81F331EE500BC9F9A /* LottieExample.app */;
			productType = "com.apple.product-type.application";
		};
/* End PBXNativeTarget section */

/* Begin PBXProject section */
		00B938A01F331EE500BC9F9A /* Project object */ = {
			isa = PBXProject;
			attributes = {
				LastSwiftUpdateCheck = 0830;
				LastUpgradeCheck = 0830;
				ORGANIZATIONNAME = "Oscar Silver";
				TargetAttributes = {
					00B938A71F331EE500BC9F9A = {
						CreatedOnToolsVersion = 8.3.3;
						DevelopmentTeam = S7UD92PRSB;
						ProvisioningStyle = Automatic;
					};
				};
			};
			buildConfigurationList = 00B938A31F331EE500BC9F9A /* Build configuration list for PBXProject "LottieExample" */;
			compatibilityVersion = "Xcode 3.2";
			developmentRegion = English;
			hasScannedForEncodings = 0;
			knownRegions = (
				en,
				Base,
			);
			mainGroup = 00B9389F1F331EE500BC9F9A;
			productRefGroup = 00B938A91F331EE500BC9F9A /* Products */;
			projectDirPath = "";
			projectRoot = "";
			targets = (
				00B938A71F331EE500BC9F9A /* LottieExample */,
			);
		};
/* End PBXProject section */

/* Begin PBXResourcesBuildPhase section */
		00B938A61F331EE500BC9F9A /* Resources */ = {
			isa = PBXResourcesBuildPhase;
			buildActionMask = 2147483647;
			files = (
				00B938BE1F33209B00BC9F9A /* heartToFilled.json in Resources */,
				00B938B61F331EE500BC9F9A /* LaunchScreen.storyboard in Resources */,
				00B938B31F331EE500BC9F9A /* Assets.xcassets in Resources */,
				00B938C01F3340E600BC9F9A /* heartToStroke.json in Resources */,
				00B938B11F331EE500BC9F9A /* Main.storyboard in Resources */,
			);
			runOnlyForDeploymentPostprocessing = 0;
		};
/* End PBXResourcesBuildPhase section */

/* Begin PBXShellScriptBuildPhase section */
		1A0346D4C639B82C6971CF2E /* [CP] Embed Pods Frameworks */ = {
			isa = PBXShellScriptBuildPhase;
			buildActionMask = 2147483647;
			files = (
			);
			inputPaths = (
				"${SRCROOT}/Pods/Target Support Files/Pods-LottieExample/Pods-LottieExample-frameworks.sh",
				"${BUILT_PRODUCTS_DIR}/lottie-ios/Lottie.framework",
			);
			name = "[CP] Embed Pods Frameworks";
			outputPaths = (
				"${TARGET_BUILD_DIR}/${FRAMEWORKS_FOLDER_PATH}/Lottie.framework",
			);
			runOnlyForDeploymentPostprocessing = 0;
			shellPath = /bin/sh;
			shellScript = "\"${SRCROOT}/Pods/Target Support Files/Pods-LottieExample/Pods-LottieExample-frameworks.sh\"\n";
			showEnvVarsInLog = 0;
		};
		5BE09F9940FCE9D4FD26B4A4 /* [CP] Copy Pods Resources */ = {
			isa = PBXShellScriptBuildPhase;
			buildActionMask = 2147483647;
			files = (
			);
			inputPaths = (
			);
			name = "[CP] Copy Pods Resources";
			outputPaths = (
			);
			runOnlyForDeploymentPostprocessing = 0;
			shellPath = /bin/sh;
			shellScript = "\"${SRCROOT}/Pods/Target Support Files/Pods-LottieExample/Pods-LottieExample-resources.sh\"\n";
			showEnvVarsInLog = 0;
		};
		87DE38137BA0BB81F590AE74 /* [CP] Check Pods Manifest.lock */ = {
			isa = PBXShellScriptBuildPhase;
			buildActionMask = 2147483647;
			files = (
			);
			inputPaths = (
				"${PODS_PODFILE_DIR_PATH}/Podfile.lock",
				"${PODS_ROOT}/Manifest.lock",
			);
			name = "[CP] Check Pods Manifest.lock";
			outputPaths = (
				"$(DERIVED_FILE_DIR)/Pods-LottieExample-checkManifestLockResult.txt",
			);
			runOnlyForDeploymentPostprocessing = 0;
			shellPath = /bin/sh;
			shellScript = "diff \"${PODS_PODFILE_DIR_PATH}/Podfile.lock\" \"${PODS_ROOT}/Manifest.lock\" > /dev/null\nif [ $? != 0 ] ; then\n    # print error to STDERR\n    echo \"error: The sandbox is not in sync with the Podfile.lock. Run 'pod install' or update your CocoaPods installation.\" >&2\n    exit 1\nfi\n# This output is used by Xcode 'outputs' to avoid re-running this script phase.\necho \"SUCCESS\" > \"${SCRIPT_OUTPUT_FILE_0}\"\n";
			showEnvVarsInLog = 0;
		};
/* End PBXShellScriptBuildPhase section */

/* Begin PBXSourcesBuildPhase section */
		00B938A41F331EE500BC9F9A /* Sources */ = {
			isa = PBXSourcesBuildPhase;
			buildActionMask = 2147483647;
			files = (
				00B938AE1F331EE500BC9F9A /* ViewController.swift in Sources */,
				00B938AC1F331EE500BC9F9A /* AppDelegate.swift in Sources */,
			);
			runOnlyForDeploymentPostprocessing = 0;
		};
/* End PBXSourcesBuildPhase section */

/* Begin PBXVariantGroup section */
		00B938AF1F331EE500BC9F9A /* Main.storyboard */ = {
			isa = PBXVariantGroup;
			children = (
				00B938B01F331EE500BC9F9A /* Base */,
			);
			name = Main.storyboard;
			sourceTree = "<group>";
		};
		00B938B41F331EE500BC9F9A /* LaunchScreen.storyboard */ = {
			isa = PBXVariantGroup;
			children = (
				00B938B51F331EE500BC9F9A /* Base */,
			);
			name = LaunchScreen.storyboard;
			sourceTree = "<group>";
		};
/* End PBXVariantGroup section */

/* Begin XCBuildConfiguration section */
		00B938B81F331EE500BC9F9A /* Debug */ = {
			isa = XCBuildConfiguration;
			buildSettings = {
				ALWAYS_SEARCH_USER_PATHS = NO;
				CLANG_ANALYZER_NONNULL = YES;
				CLANG_ANALYZER_NUMBER_OBJECT_CONVERSION = YES_AGGRESSIVE;
				CLANG_CXX_LANGUAGE_STANDARD = "gnu++0x";
				CLANG_CXX_LIBRARY = "libc++";
				CLANG_ENABLE_MODULES = YES;
				CLANG_ENABLE_OBJC_ARC = YES;
				CLANG_WARN_BOOL_CONVERSION = YES;
				CLANG_WARN_CONSTANT_CONVERSION = YES;
				CLANG_WARN_DIRECT_OBJC_ISA_USAGE = YES_ERROR;
				CLANG_WARN_DOCUMENTATION_COMMENTS = YES;
				CLANG_WARN_EMPTY_BODY = YES;
				CLANG_WARN_ENUM_CONVERSION = YES;
				CLANG_WARN_INFINITE_RECURSION = YES;
				CLANG_WARN_INT_CONVERSION = YES;
				CLANG_WARN_OBJC_ROOT_CLASS = YES_ERROR;
				CLANG_WARN_SUSPICIOUS_MOVE = YES;
				CLANG_WARN_UNREACHABLE_CODE = YES;
				CLANG_WARN__DUPLICATE_METHOD_MATCH = YES;
				"CODE_SIGN_IDENTITY[sdk=iphoneos*]" = "iPhone Developer";
				COPY_PHASE_STRIP = NO;
				DEBUG_INFORMATION_FORMAT = dwarf;
				ENABLE_STRICT_OBJC_MSGSEND = YES;
				ENABLE_TESTABILITY = YES;
				GCC_C_LANGUAGE_STANDARD = gnu99;
				GCC_DYNAMIC_NO_PIC = NO;
				GCC_NO_COMMON_BLOCKS = YES;
				GCC_OPTIMIZATION_LEVEL = 0;
				GCC_PREPROCESSOR_DEFINITIONS = (
					"DEBUG=1",
					"$(inherited)",
				);
				GCC_WARN_64_TO_32_BIT_CONVERSION = YES;
				GCC_WARN_ABOUT_RETURN_TYPE = YES_ERROR;
				GCC_WARN_UNDECLARED_SELECTOR = YES;
				GCC_WARN_UNINITIALIZED_AUTOS = YES_AGGRESSIVE;
				GCC_WARN_UNUSED_FUNCTION = YES;
				GCC_WARN_UNUSED_VARIABLE = YES;
				IPHONEOS_DEPLOYMENT_TARGET = 10.3;
				MTL_ENABLE_DEBUG_INFO = YES;
				ONLY_ACTIVE_ARCH = YES;
				SDKROOT = iphoneos;
				SWIFT_ACTIVE_COMPILATION_CONDITIONS = DEBUG;
				SWIFT_OPTIMIZATION_LEVEL = "-Onone";
			};
			name = Debug;
		};
		00B938B91F331EE500BC9F9A /* Release */ = {
			isa = XCBuildConfiguration;
			buildSettings = {
				ALWAYS_SEARCH_USER_PATHS = NO;
				CLANG_ANALYZER_NONNULL = YES;
				CLANG_ANALYZER_NUMBER_OBJECT_CONVERSION = YES_AGGRESSIVE;
				CLANG_CXX_LANGUAGE_STANDARD = "gnu++0x";
				CLANG_CXX_LIBRARY = "libc++";
				CLANG_ENABLE_MODULES = YES;
				CLANG_ENABLE_OBJC_ARC = YES;
				CLANG_WARN_BOOL_CONVERSION = YES;
				CLANG_WARN_CONSTANT_CONVERSION = YES;
				CLANG_WARN_DIRECT_OBJC_ISA_USAGE = YES_ERROR;
				CLANG_WARN_DOCUMENTATION_COMMENTS = YES;
				CLANG_WARN_EMPTY_BODY = YES;
				CLANG_WARN_ENUM_CONVERSION = YES;
				CLANG_WARN_INFINITE_RECURSION = YES;
				CLANG_WARN_INT_CONVERSION = YES;
				CLANG_WARN_OBJC_ROOT_CLASS = YES_ERROR;
				CLANG_WARN_SUSPICIOUS_MOVE = YES;
				CLANG_WARN_UNREACHABLE_CODE = YES;
				CLANG_WARN__DUPLICATE_METHOD_MATCH = YES;
				"CODE_SIGN_IDENTITY[sdk=iphoneos*]" = "iPhone Developer";
				COPY_PHASE_STRIP = NO;
				DEBUG_INFORMATION_FORMAT = "dwarf-with-dsym";
				ENABLE_NS_ASSERTIONS = NO;
				ENABLE_STRICT_OBJC_MSGSEND = YES;
				GCC_C_LANGUAGE_STANDARD = gnu99;
				GCC_NO_COMMON_BLOCKS = YES;
				GCC_WARN_64_TO_32_BIT_CONVERSION = YES;
				GCC_WARN_ABOUT_RETURN_TYPE = YES_ERROR;
				GCC_WARN_UNDECLARED_SELECTOR = YES;
				GCC_WARN_UNINITIALIZED_AUTOS = YES_AGGRESSIVE;
				GCC_WARN_UNUSED_FUNCTION = YES;
				GCC_WARN_UNUSED_VARIABLE = YES;
				IPHONEOS_DEPLOYMENT_TARGET = 10.3;
				MTL_ENABLE_DEBUG_INFO = NO;
				SDKROOT = iphoneos;
				SWIFT_OPTIMIZATION_LEVEL = "-Owholemodule";
				VALIDATE_PRODUCT = YES;
			};
			name = Release;
		};
		00B938BB1F331EE500BC9F9A /* Debug */ = {
			isa = XCBuildConfiguration;
			baseConfigurationReference = C6CF625E519B16A638D307CE /* Pods-LottieExample.debug.xcconfig */;
			buildSettings = {
				ASSETCATALOG_COMPILER_APPICON_NAME = AppIcon;
				DEVELOPMENT_TEAM = S7UD92PRSB;
				INFOPLIST_FILE = LottieExample/Info.plist;
				LD_RUNPATH_SEARCH_PATHS = "$(inherited) @executable_path/Frameworks";
				PRODUCT_BUNDLE_IDENTIFIER = com.silver.LottieExample;
				PRODUCT_NAME = "$(TARGET_NAME)";
				SWIFT_VERSION = 3.0;
			};
			name = Debug;
		};
		00B938BC1F331EE500BC9F9A /* Release */ = {
			isa = XCBuildConfiguration;
			baseConfigurationReference = C6F7867ACC330EC05ED01D9D /* Pods-LottieExample.release.xcconfig */;
			buildSettings = {
				ASSETCATALOG_COMPILER_APPICON_NAME = AppIcon;
				DEVELOPMENT_TEAM = S7UD92PRSB;
				INFOPLIST_FILE = LottieExample/Info.plist;
				LD_RUNPATH_SEARCH_PATHS = "$(inherited) @executable_path/Frameworks";
				PRODUCT_BUNDLE_IDENTIFIER = com.silver.LottieExample;
				PRODUCT_NAME = "$(TARGET_NAME)";
				SWIFT_VERSION = 3.0;
			};
			name = Release;
		};
/* End XCBuildConfiguration section */

/* Begin XCConfigurationList section */
		00B938A31F331EE500BC9F9A /* Build configuration list for PBXProject "LottieExample" */ = {
			isa = XCConfigurationList;
			buildConfigurations = (
				00B938B81F331EE500BC9F9A /* Debug */,
				00B938B91F331EE500BC9F9A /* Release */,
			);
			defaultConfigurationIsVisible = 0;
			defaultConfigurationName = Release;
		};
		00B938BA1F331EE500BC9F9A /* Build configuration list for PBXNativeTarget "LottieExample" */ = {
			isa = XCConfigurationList;
			buildConfigurations = (
				00B938BB1F331EE500BC9F9A /* Debug */,
				00B938BC1F331EE500BC9F9A /* Release */,
			);
			defaultConfigurationIsVisible = 0;
			defaultConfigurationName = Release;
		};
/* End XCConfigurationList section */
	};
	rootObject = 00B938A01F331EE500BC9F9A /* Project object */;
}
